{
  "lockfileVersion": 1,
  "workspaces": {
    "": {
      "name": "pokedex",
      "dependencies": {
        "@dressed/matcher": "^1.4.0",
        "@dressed/next": "^1.3.0",
        "@dressed/react": "^1.4.0",
        "dressed": "^1.9.0",
        "fuse.js": "^7.1.0",
        "pokenode-ts": "^1.20.0",
        "react": "^19.1.1",
      },
      "devDependencies": {
        "@types/bun": "latest",
        "@types/react": "^19.1.8",
        "discord-api-types": "^0.38.17",
        "typescript": "^5.8.3",
      },
    },
  },
  "packages": {
    "@dressed/matcher": ["@dressed/matcher@1.4.0", "", {}, "sha512-hAM5KaaGrhmMFr1Fd+KCQep6VnODcxInnIXATAbyJo64XN56pM20UvccWVhrIR6Hk2fFZUI69eJ0ehzK4rKxnw=="],

    "@dressed/next": ["@dressed/next@1.3.0", "", { "dependencies": { "@vercel/functions": "^2.2.3" }, "peerDependencies": { "dressed": "^1.9.0" } }, "sha512-AnI96ldmNU9FgEK1euB3u9k77Bk8zC7PdHcZmsEGv8J+tpV/fA2qrAYBprefunA8tf9s7n1d+n/Drgp/K6mQ6w=="],

    "@dressed/react": ["@dressed/react@1.4.0", "", { "dependencies": { "discord-api-types": "^0.38.11", "react-reconciler": "github:inbestigator/dressed-rr" }, "peerDependencies": { "dressed": "^1.8.0", "react": "^19.1.0" } }, "sha512-MdVhiN0MBksFeQkgWx1BzrHwC+23MVwvOFDpshzP1XyLSlFbwUL6DaFgaLzMI8CdtetkG/Z7C9n+gZKIV7Zr9Q=="],

    "@esbuild/aix-ppc64": ["@esbuild/aix-ppc64@0.25.8", "", { "os": "aix", "cpu": "ppc64" }, "sha512-urAvrUedIqEiFR3FYSLTWQgLu5tb+m0qZw0NBEasUeo6wuqatkMDaRT+1uABiGXEu5vqgPd7FGE1BhsAIy9QVA=="],

    "@esbuild/android-arm": ["@esbuild/android-arm@0.25.8", "", { "os": "android", "cpu": "arm" }, "sha512-RONsAvGCz5oWyePVnLdZY/HHwA++nxYWIX1atInlaW6SEkwq6XkP3+cb825EUcRs5Vss/lGh/2YxAb5xqc07Uw=="],

    "@esbuild/android-arm64": ["@esbuild/android-arm64@0.25.8", "", { "os": "android", "cpu": "arm64" }, "sha512-OD3p7LYzWpLhZEyATcTSJ67qB5D+20vbtr6vHlHWSQYhKtzUYrETuWThmzFpZtFsBIxRvhO07+UgVA9m0i/O1w=="],

    "@esbuild/android-x64": ["@esbuild/android-x64@0.25.8", "", { "os": "android", "cpu": "x64" }, "sha512-yJAVPklM5+4+9dTeKwHOaA+LQkmrKFX96BM0A/2zQrbS6ENCmxc4OVoBs5dPkCCak2roAD+jKCdnmOqKszPkjA=="],

    "@esbuild/darwin-arm64": ["@esbuild/darwin-arm64@0.25.8", "", { "os": "darwin", "cpu": "arm64" }, "sha512-Jw0mxgIaYX6R8ODrdkLLPwBqHTtYHJSmzzd+QeytSugzQ0Vg4c5rDky5VgkoowbZQahCbsv1rT1KW72MPIkevw=="],

    "@esbuild/darwin-x64": ["@esbuild/darwin-x64@0.25.8", "", { "os": "darwin", "cpu": "x64" }, "sha512-Vh2gLxxHnuoQ+GjPNvDSDRpoBCUzY4Pu0kBqMBDlK4fuWbKgGtmDIeEC081xi26PPjn+1tct+Bh8FjyLlw1Zlg=="],

    "@esbuild/freebsd-arm64": ["@esbuild/freebsd-arm64@0.25.8", "", { "os": "freebsd", "cpu": "arm64" }, "sha512-YPJ7hDQ9DnNe5vxOm6jaie9QsTwcKedPvizTVlqWG9GBSq+BuyWEDazlGaDTC5NGU4QJd666V0yqCBL2oWKPfA=="],

    "@esbuild/freebsd-x64": ["@esbuild/freebsd-x64@0.25.8", "", { "os": "freebsd", "cpu": "x64" }, "sha512-MmaEXxQRdXNFsRN/KcIimLnSJrk2r5H8v+WVafRWz5xdSVmWLoITZQXcgehI2ZE6gioE6HirAEToM/RvFBeuhw=="],

    "@esbuild/linux-arm": ["@esbuild/linux-arm@0.25.8", "", { "os": "linux", "cpu": "arm" }, "sha512-FuzEP9BixzZohl1kLf76KEVOsxtIBFwCaLupVuk4eFVnOZfU+Wsn+x5Ryam7nILV2pkq2TqQM9EZPsOBuMC+kg=="],

    "@esbuild/linux-arm64": ["@esbuild/linux-arm64@0.25.8", "", { "os": "linux", "cpu": "arm64" }, "sha512-WIgg00ARWv/uYLU7lsuDK00d/hHSfES5BzdWAdAig1ioV5kaFNrtK8EqGcUBJhYqotlUByUKz5Qo6u8tt7iD/w=="],

    "@esbuild/linux-ia32": ["@esbuild/linux-ia32@0.25.8", "", { "os": "linux", "cpu": "ia32" }, "sha512-A1D9YzRX1i+1AJZuFFUMP1E9fMaYY+GnSQil9Tlw05utlE86EKTUA7RjwHDkEitmLYiFsRd9HwKBPEftNdBfjg=="],

    "@esbuild/linux-loong64": ["@esbuild/linux-loong64@0.25.8", "", { "os": "linux", "cpu": "none" }, "sha512-O7k1J/dwHkY1RMVvglFHl1HzutGEFFZ3kNiDMSOyUrB7WcoHGf96Sh+64nTRT26l3GMbCW01Ekh/ThKM5iI7hQ=="],

    "@esbuild/linux-mips64el": ["@esbuild/linux-mips64el@0.25.8", "", { "os": "linux", "cpu": "none" }, "sha512-uv+dqfRazte3BzfMp8PAQXmdGHQt2oC/y2ovwpTteqrMx2lwaksiFZ/bdkXJC19ttTvNXBuWH53zy/aTj1FgGw=="],

    "@esbuild/linux-ppc64": ["@esbuild/linux-ppc64@0.25.8", "", { "os": "linux", "cpu": "ppc64" }, "sha512-GyG0KcMi1GBavP5JgAkkstMGyMholMDybAf8wF5A70CALlDM2p/f7YFE7H92eDeH/VBtFJA5MT4nRPDGg4JuzQ=="],

    "@esbuild/linux-riscv64": ["@esbuild/linux-riscv64@0.25.8", "", { "os": "linux", "cpu": "none" }, "sha512-rAqDYFv3yzMrq7GIcen3XP7TUEG/4LK86LUPMIz6RT8A6pRIDn0sDcvjudVZBiiTcZCY9y2SgYX2lgK3AF+1eg=="],

    "@esbuild/linux-s390x": ["@esbuild/linux-s390x@0.25.8", "", { "os": "linux", "cpu": "s390x" }, "sha512-Xutvh6VjlbcHpsIIbwY8GVRbwoviWT19tFhgdA7DlenLGC/mbc3lBoVb7jxj9Z+eyGqvcnSyIltYUrkKzWqSvg=="],

    "@esbuild/linux-x64": ["@esbuild/linux-x64@0.25.8", "", { "os": "linux", "cpu": "x64" }, "sha512-ASFQhgY4ElXh3nDcOMTkQero4b1lgubskNlhIfJrsH5OKZXDpUAKBlNS0Kx81jwOBp+HCeZqmoJuihTv57/jvQ=="],

    "@esbuild/netbsd-arm64": ["@esbuild/netbsd-arm64@0.25.8", "", { "os": "none", "cpu": "arm64" }, "sha512-d1KfruIeohqAi6SA+gENMuObDbEjn22olAR7egqnkCD9DGBG0wsEARotkLgXDu6c4ncgWTZJtN5vcgxzWRMzcw=="],

    "@esbuild/netbsd-x64": ["@esbuild/netbsd-x64@0.25.8", "", { "os": "none", "cpu": "x64" }, "sha512-nVDCkrvx2ua+XQNyfrujIG38+YGyuy2Ru9kKVNyh5jAys6n+l44tTtToqHjino2My8VAY6Lw9H7RI73XFi66Cg=="],

    "@esbuild/openbsd-arm64": ["@esbuild/openbsd-arm64@0.25.8", "", { "os": "openbsd", "cpu": "arm64" }, "sha512-j8HgrDuSJFAujkivSMSfPQSAa5Fxbvk4rgNAS5i3K+r8s1X0p1uOO2Hl2xNsGFppOeHOLAVgYwDVlmxhq5h+SQ=="],

    "@esbuild/openbsd-x64": ["@esbuild/openbsd-x64@0.25.8", "", { "os": "openbsd", "cpu": "x64" }, "sha512-1h8MUAwa0VhNCDp6Af0HToI2TJFAn1uqT9Al6DJVzdIBAd21m/G0Yfc77KDM3uF3T/YaOgQq3qTJHPbTOInaIQ=="],

    "@esbuild/openharmony-arm64": ["@esbuild/openharmony-arm64@0.25.8", "", { "os": "none", "cpu": "arm64" }, "sha512-r2nVa5SIK9tSWd0kJd9HCffnDHKchTGikb//9c7HX+r+wHYCpQrSgxhlY6KWV1nFo1l4KFbsMlHk+L6fekLsUg=="],

    "@esbuild/sunos-x64": ["@esbuild/sunos-x64@0.25.8", "", { "os": "sunos", "cpu": "x64" }, "sha512-zUlaP2S12YhQ2UzUfcCuMDHQFJyKABkAjvO5YSndMiIkMimPmxA+BYSBikWgsRpvyxuRnow4nS5NPnf9fpv41w=="],

    "@esbuild/win32-arm64": ["@esbuild/win32-arm64@0.25.8", "", { "os": "win32", "cpu": "arm64" }, "sha512-YEGFFWESlPva8hGL+zvj2z/SaK+pH0SwOM0Nc/d+rVnW7GSTFlLBGzZkuSU9kFIGIo8q9X3ucpZhu8PDN5A2sQ=="],

    "@esbuild/win32-ia32": ["@esbuild/win32-ia32@0.25.8", "", { "os": "win32", "cpu": "ia32" }, "sha512-hiGgGC6KZ5LZz58OL/+qVVoZiuZlUYlYHNAmczOm7bs2oE1XriPFi5ZHHrS8ACpV5EjySrnoCKmcbQMN+ojnHg=="],

    "@esbuild/win32-x64": ["@esbuild/win32-x64@0.25.8", "", { "os": "win32", "cpu": "x64" }, "sha512-cn3Yr7+OaaZq1c+2pe+8yxC8E144SReCQjN6/2ynubzYjvyqZjTXfQJpAcQpsdJq3My7XADANiYGHoFC69pLQw=="],

    "@inquirer/checkbox": ["@inquirer/checkbox@4.2.0", "", { "dependencies": { "@inquirer/core": "^10.1.15", "@inquirer/figures": "^1.0.13", "@inquirer/type": "^3.0.8", "ansi-escapes": "^4.3.2", "yoctocolors-cjs": "^2.1.2" }, "peerDependencies": { "@types/node": ">=18" }, "optionalPeers": ["@types/node"] }, "sha512-fdSw07FLJEU5vbpOPzXo5c6xmMGDzbZE2+niuDHX5N6mc6V0Ebso/q3xiHra4D73+PMsC8MJmcaZKuAAoaQsSA=="],

    "@inquirer/confirm": ["@inquirer/confirm@5.1.14", "", { "dependencies": { "@inquirer/core": "^10.1.15", "@inquirer/type": "^3.0.8" }, "peerDependencies": { "@types/node": ">=18" }, "optionalPeers": ["@types/node"] }, "sha512-5yR4IBfe0kXe59r1YCTG8WXkUbl7Z35HK87Sw+WUyGD8wNUx7JvY7laahzeytyE1oLn74bQnL7hstctQxisQ8Q=="],

    "@inquirer/core": ["@inquirer/core@10.1.15", "", { "dependencies": { "@inquirer/figures": "^1.0.13", "@inquirer/type": "^3.0.8", "ansi-escapes": "^4.3.2", "cli-width": "^4.1.0", "mute-stream": "^2.0.0", "signal-exit": "^4.1.0", "wrap-ansi": "^6.2.0", "yoctocolors-cjs": "^2.1.2" }, "peerDependencies": { "@types/node": ">=18" }, "optionalPeers": ["@types/node"] }, "sha512-8xrp836RZvKkpNbVvgWUlxjT4CraKk2q+I3Ksy+seI2zkcE+y6wNs1BVhgcv8VyImFecUhdQrYLdW32pAjwBdA=="],

    "@inquirer/editor": ["@inquirer/editor@4.2.15", "", { "dependencies": { "@inquirer/core": "^10.1.15", "@inquirer/type": "^3.0.8", "external-editor": "^3.1.0" }, "peerDependencies": { "@types/node": ">=18" }, "optionalPeers": ["@types/node"] }, "sha512-wst31XT8DnGOSS4nNJDIklGKnf+8shuauVrWzgKegWUe28zfCftcWZ2vktGdzJgcylWSS2SrDnYUb6alZcwnCQ=="],

    "@inquirer/expand": ["@inquirer/expand@4.0.17", "", { "dependencies": { "@inquirer/core": "^10.1.15", "@inquirer/type": "^3.0.8", "yoctocolors-cjs": "^2.1.2" }, "peerDependencies": { "@types/node": ">=18" }, "optionalPeers": ["@types/node"] }, "sha512-PSqy9VmJx/VbE3CT453yOfNa+PykpKg/0SYP7odez1/NWBGuDXgPhp4AeGYYKjhLn5lUUavVS/JbeYMPdH50Mw=="],

    "@inquirer/figures": ["@inquirer/figures@1.0.13", "", {}, "sha512-lGPVU3yO9ZNqA7vTYz26jny41lE7yoQansmqdMLBEfqaGsmdg7V3W9mK9Pvb5IL4EVZ9GnSDGMO/cJXud5dMaw=="],

    "@inquirer/input": ["@inquirer/input@4.2.1", "", { "dependencies": { "@inquirer/core": "^10.1.15", "@inquirer/type": "^3.0.8" }, "peerDependencies": { "@types/node": ">=18" }, "optionalPeers": ["@types/node"] }, "sha512-tVC+O1rBl0lJpoUZv4xY+WGWY8V5b0zxU1XDsMsIHYregdh7bN5X5QnIONNBAl0K765FYlAfNHS2Bhn7SSOVow=="],

    "@inquirer/number": ["@inquirer/number@3.0.17", "", { "dependencies": { "@inquirer/core": "^10.1.15", "@inquirer/type": "^3.0.8" }, "peerDependencies": { "@types/node": ">=18" }, "optionalPeers": ["@types/node"] }, "sha512-GcvGHkyIgfZgVnnimURdOueMk0CztycfC8NZTiIY9arIAkeOgt6zG57G+7vC59Jns3UX27LMkPKnKWAOF5xEYg=="],

    "@inquirer/password": ["@inquirer/password@4.0.17", "", { "dependencies": { "@inquirer/core": "^10.1.15", "@inquirer/type": "^3.0.8", "ansi-escapes": "^4.3.2" }, "peerDependencies": { "@types/node": ">=18" }, "optionalPeers": ["@types/node"] }, "sha512-DJolTnNeZ00E1+1TW+8614F7rOJJCM4y4BAGQ3Gq6kQIG+OJ4zr3GLjIjVVJCbKsk2jmkmv6v2kQuN/vriHdZA=="],

    "@inquirer/prompts": ["@inquirer/prompts@7.8.0", "", { "dependencies": { "@inquirer/checkbox": "^4.2.0", "@inquirer/confirm": "^5.1.14", "@inquirer/editor": "^4.2.15", "@inquirer/expand": "^4.0.17", "@inquirer/input": "^4.2.1", "@inquirer/number": "^3.0.17", "@inquirer/password": "^4.0.17", "@inquirer/rawlist": "^4.1.5", "@inquirer/search": "^3.1.0", "@inquirer/select": "^4.3.1" }, "peerDependencies": { "@types/node": ">=18" }, "optionalPeers": ["@types/node"] }, "sha512-JHwGbQ6wjf1dxxnalDYpZwZxUEosT+6CPGD9Zh4sm9WXdtUp9XODCQD3NjSTmu+0OAyxWXNOqf0spjIymJa2Tw=="],

    "@inquirer/rawlist": ["@inquirer/rawlist@4.1.5", "", { "dependencies": { "@inquirer/core": "^10.1.15", "@inquirer/type": "^3.0.8", "yoctocolors-cjs": "^2.1.2" }, "peerDependencies": { "@types/node": ">=18" }, "optionalPeers": ["@types/node"] }, "sha512-R5qMyGJqtDdi4Ht521iAkNqyB6p2UPuZUbMifakg1sWtu24gc2Z8CJuw8rP081OckNDMgtDCuLe42Q2Kr3BolA=="],

    "@inquirer/search": ["@inquirer/search@3.1.0", "", { "dependencies": { "@inquirer/core": "^10.1.15", "@inquirer/figures": "^1.0.13", "@inquirer/type": "^3.0.8", "yoctocolors-cjs": "^2.1.2" }, "peerDependencies": { "@types/node": ">=18" }, "optionalPeers": ["@types/node"] }, "sha512-PMk1+O/WBcYJDq2H7foV0aAZSmDdkzZB9Mw2v/DmONRJopwA/128cS9M/TXWLKKdEQKZnKwBzqu2G4x/2Nqx8Q=="],

    "@inquirer/select": ["@inquirer/select@4.3.1", "", { "dependencies": { "@inquirer/core": "^10.1.15", "@inquirer/figures": "^1.0.13", "@inquirer/type": "^3.0.8", "ansi-escapes": "^4.3.2", "yoctocolors-cjs": "^2.1.2" }, "peerDependencies": { "@types/node": ">=18" }, "optionalPeers": ["@types/node"] }, "sha512-Gfl/5sqOF5vS/LIrSndFgOh7jgoe0UXEizDqahFRkq5aJBLegZ6WjuMh/hVEJwlFQjyLq1z9fRtvUMkb7jM1LA=="],

    "@inquirer/type": ["@inquirer/type@3.0.8", "", { "peerDependencies": { "@types/node": ">=18" }, "optionalPeers": ["@types/node"] }, "sha512-lg9Whz8onIHRthWaN1Q9EGLa/0LFJjyM8mEUbL1eTi6yMGvBf8gvyDLtxSXztQsxMvhxxNpJYrwa1YHdq+w4Jw=="],

    "@types/bun": ["@types/bun@1.2.19", "", { "dependencies": { "bun-types": "1.2.19" } }, "sha512-d9ZCmrH3CJ2uYKXQIUuZ/pUnTqIvLDS0SK7pFmbx8ma+ziH/FRMoAq5bYpRG7y+w1gl+HgyNZbtqgMq4W4e2Lg=="],

    "@types/node": ["@types/node@24.0.12", "", { "dependencies": { "undici-types": "~7.8.0" } }, "sha512-LtOrbvDf5ndC9Xi+4QZjVL0woFymF/xSTKZKPgrrl7H7XoeDvnD+E2IclKVDyaK9UM756W/3BXqSU+JEHopA9g=="],

    "@types/react": ["@types/react@19.1.8", "", { "dependencies": { "csstype": "^3.0.2" } }, "sha512-AwAfQ2Wa5bCx9WP8nZL2uMZWod7J7/JSplxbTmBQ5ms6QpqNYm672H0Vu9ZVKVngQ+ii4R/byguVEUZQyeg44g=="],

    "@vercel/functions": ["@vercel/functions@2.2.3", "", { "peerDependencies": { "@aws-sdk/credential-provider-web-identity": "*" }, "optionalPeers": ["@aws-sdk/credential-provider-web-identity"] }, "sha512-Z6xwsxM/57/92PLW2HoLLmVw4+Nb5OZzMzDA4qfkksWgG1k5dGV7kvP1TDEOlW3WHjqWtfPJBcd61dE2p0mbxQ=="],

    "ansi-escapes": ["ansi-escapes@4.3.2", "", { "dependencies": { "type-fest": "^0.21.3" } }, "sha512-gKXj5ALrKWQLsYG9jlTRmR/xKluxHV+Z9QEwNIgCfM1/uwPMCuzVVnh5mwTd+OuBZcwSIMbqssNWRm1lE51QaQ=="],

    "ansi-regex": ["ansi-regex@6.1.0", "", {}, "sha512-7HSX4QQb4CspciLpVFwyRe79O3xsIZDDLER21kERQ71oaPodF8jL725AgJMFAYbooIqolJoRLuM81SpeUkpkvA=="],

    "ansi-styles": ["ansi-styles@4.3.0", "", { "dependencies": { "color-convert": "^2.0.1" } }, "sha512-zbB9rCJAT1rbjiVDb2hqKFHNYLxgtk8NURxZ3IZwD3F6NtxbXZQCnnSi1Lkx+IDohdPlFp222wVALIheZJQSEg=="],

    "asynckit": ["asynckit@0.4.0", "", {}, "sha512-Oei9OH4tRh0YqU3GxhX79dM/mwVgvbZJaSNaRk+bshkj0S5cfHcgYakreBjrHwatXKbz+IoIdYLxrKim2MjW0Q=="],

    "axios": ["axios@1.10.0", "", { "dependencies": { "follow-redirects": "^1.15.6", "form-data": "^4.0.0", "proxy-from-env": "^1.1.0" } }, "sha512-/1xYAC4MP/HEG+3duIhFr4ZQXR4sQXOIe+o6sdqzeykGLx6Upp/1p8MHqhINOvGeP7xyNHe7tsiJByc4SSVUxw=="],

    "axios-cache-interceptor": ["axios-cache-interceptor@1.8.0", "", { "dependencies": { "cache-parser": "1.2.5", "fast-defer": "1.1.8", "object-code": "1.3.3" }, "peerDependencies": { "axios": "^1" } }, "sha512-cTNnPGJyQkxnWp0EWvE3NRvgURU5cWw/Qx3dIhXyHSM4Ip0c7EEe0I3an0Jwa549m1CAOg57ibj27YRNLmQCcg=="],

    "bun-types": ["bun-types@1.2.19", "", { "dependencies": { "@types/node": "*" }, "peerDependencies": { "@types/react": "^19" } }, "sha512-uAOTaZSPuYsWIXRpj7o56Let0g/wjihKCkeRqUBhlLVM/Bt+Fj9xTo+LhC1OV1XDaGkz4hNC80et5xgy+9KTHQ=="],

    "cache-parser": ["cache-parser@1.2.5", "", {}, "sha512-Md/4VhAHByQ9frQ15WD6LrMNiVw9AEl/J7vWIXw+sxT6fSOpbtt6LHTp76vy8+bOESPBO94117Hm2bIjlI7XjA=="],

    "call-bind-apply-helpers": ["call-bind-apply-helpers@1.0.2", "", { "dependencies": { "es-errors": "^1.3.0", "function-bind": "^1.1.2" } }, "sha512-Sp1ablJ0ivDkSzjcaJdxEunN5/XvksFJ2sMBFfq6x0ryhQV/2b/KwFe21cMpmHtPOSij8K99/wSfoEuTObmuMQ=="],

    "chalk": ["chalk@5.4.1", "", {}, "sha512-zgVZuo2WcZgfUEmsn6eO3kINexW8RAE4maiQ8QNs8CtpPCSyMiYsULR3HQYkm3w8FIA3SberyMJMSldGsW+U3w=="],

    "chardet": ["chardet@0.7.0", "", {}, "sha512-mT8iDcrh03qDGRRmoA2hmBJnxpllMR+0/0qlzjqZES6NdiWDcZkCNAk4rPFZ9Q85r27unkiNNg8ZOiwZXBHwcA=="],

    "cli-cursor": ["cli-cursor@5.0.0", "", { "dependencies": { "restore-cursor": "^5.0.0" } }, "sha512-aCj4O5wKyszjMmDT4tZj93kxyydN/K5zPWSCe6/0AV/AA1pqe5ZBIw0a2ZfPQV7lL5/yb5HsUreJ6UFAF1tEQw=="],

    "cli-spinners": ["cli-spinners@2.9.2", "", {}, "sha512-ywqV+5MmyL4E7ybXgKys4DugZbX0FC6LnwrhjuykIjnK9k8OQacQ7axGKnjDXWNhns0xot3bZI5h55H8yo9cJg=="],

    "cli-width": ["cli-width@4.1.0", "", {}, "sha512-ouuZd4/dm2Sw5Gmqy6bGyNNNe1qt9RpmxveLSO7KcgsTnU7RXfsw+/bukWGo1abgBiMAic068rclZsO4IWmmxQ=="],

    "color-convert": ["color-convert@2.0.1", "", { "dependencies": { "color-name": "~1.1.4" } }, "sha512-RRECPsj7iu/xb5oKYcsFHSppFNnsj/52OVTRKb4zP5onXwVF3zVmmToNcOfGC+CRDpfK/U584fMg38ZHCaElKQ=="],

    "color-name": ["color-name@1.1.4", "", {}, "sha512-dOy+3AuW3a2wNbZHIuMZpTcgjGuLU/uBL/ubcZF9OXbDo8ff4O8yVp5Bf0efS8uEoYo5q4Fx7dY9OgQGXgAsQA=="],

    "combined-stream": ["combined-stream@1.0.8", "", { "dependencies": { "delayed-stream": "~1.0.0" } }, "sha512-FQN4MRfuJeHf7cBbBMJFXhKSDq+2kAArBlmRBvcvFE5BB1HZKXtSFASDhdlz9zOYwxh8lDdnvmMOe/+5cdoEdg=="],

    "commander": ["commander@14.0.0", "", {}, "sha512-2uM9rYjPvyq39NwLRqaiLtWHyDC1FvryJDa2ATTVims5YAS4PupsEQsDvP14FqhFr0P49CYDugi59xaxJlTXRA=="],

    "csstype": ["csstype@3.1.3", "", {}, "sha512-M1uQkMl8rQK/szD0LNhtqxIPLpimGm8sOBwU7lLnCpSbTyY3yeU1Vc7l4KT5zT4s/yOxHH5O7tIuuLOCnLADRw=="],

    "delayed-stream": ["delayed-stream@1.0.0", "", {}, "sha512-ZySD7Nf91aLB0RxL4KGrKHBXl7Eds1DAmEdcoVawXnLD7SDhpNgtuII2aAkg7a7QS41jxPSZ17p4VdGnMHk3MQ=="],

    "discord-api-types": ["discord-api-types@0.38.17", "", {}, "sha512-/fCx5jdUoR2hBFcj77Qx7Tmx1Ub8V/QpyS6uorjFvxRLcJJ348QxMFml9QW/eXh3i46eO4Ve8qGVepStpInEPg=="],

    "dotenv": ["dotenv@17.2.1", "", {}, "sha512-kQhDYKZecqnM0fCnzI5eIv5L4cAe/iRI+HqMbO/hbRdTAeXDG+M9FjipUxNfbARuEg4iHIbhnhs78BCHNbSxEQ=="],

    "dressed": ["dressed@1.9.0", "", { "dependencies": { "@dressed/matcher": "^1.4.0", "@inquirer/prompts": "^7.7.1", "commander": "^14.0.0", "discord-api-types": "^0.38.17", "dotenv": "^17.2.1", "esbuild": "^0.25.8", "ora": "^8.2.0", "tweetnacl": "^1.0.3", "walk-it": "^6.0.1" }, "bin": { "dressed": "dist/bin/dressed.js" } }, "sha512-DYOk6ZfS+yomyx8a3Kr/RD14yLTSTIbcNEgm9uZzQgKQWNfMj5AmGXopHXUT9s+S20XYlAsDcRjqugVmqz9TYQ=="],

    "dunder-proto": ["dunder-proto@1.0.1", "", { "dependencies": { "call-bind-apply-helpers": "^1.0.1", "es-errors": "^1.3.0", "gopd": "^1.2.0" } }, "sha512-KIN/nDJBQRcXw0MLVhZE9iQHmG68qAVIBg9CqmUYjmQIhgij9U5MFvrqkUL5FbtyyzZuOeOt0zdeRe4UY7ct+A=="],

    "emoji-regex": ["emoji-regex@10.4.0", "", {}, "sha512-EC+0oUMY1Rqm4O6LLrgjtYDvcVYTy7chDnM4Q7030tP4Kwj3u/pR6gP9ygnp2CJMK5Gq+9Q2oqmrFJAz01DXjw=="],

    "es-define-property": ["es-define-property@1.0.1", "", {}, "sha512-e3nRfgfUZ4rNGL232gUgX06QNyyez04KdjFrF+LTRoOXmrOgFKDg4BCdsjW8EnT69eqdYGmRpJwiPVYNrCaW3g=="],

    "es-errors": ["es-errors@1.3.0", "", {}, "sha512-Zf5H2Kxt2xjTvbJvP2ZWLEICxA6j+hAmMzIlypy4xcBg1vKVnx89Wy0GbS+kf5cwCVFFzdCFh2XSCFNULS6csw=="],

    "es-object-atoms": ["es-object-atoms@1.1.1", "", { "dependencies": { "es-errors": "^1.3.0" } }, "sha512-FGgH2h8zKNim9ljj7dankFPcICIK9Cp5bm+c2gQSYePhpaG5+esrLODihIorn+Pe6FGJzWhXQotPv73jTaldXA=="],

    "es-set-tostringtag": ["es-set-tostringtag@2.1.0", "", { "dependencies": { "es-errors": "^1.3.0", "get-intrinsic": "^1.2.6", "has-tostringtag": "^1.0.2", "hasown": "^2.0.2" } }, "sha512-j6vWzfrGVfyXxge+O0x5sh6cvxAog0a/4Rdd2K36zCMV5eJ+/+tOAngRO8cODMNWbVRdVlmGZQL2YS3yR8bIUA=="],

    "esbuild": ["esbuild@0.25.8", "", { "optionalDependencies": { "@esbuild/aix-ppc64": "0.25.8", "@esbuild/android-arm": "0.25.8", "@esbuild/android-arm64": "0.25.8", "@esbuild/android-x64": "0.25.8", "@esbuild/darwin-arm64": "0.25.8", "@esbuild/darwin-x64": "0.25.8", "@esbuild/freebsd-arm64": "0.25.8", "@esbuild/freebsd-x64": "0.25.8", "@esbuild/linux-arm": "0.25.8", "@esbuild/linux-arm64": "0.25.8", "@esbuild/linux-ia32": "0.25.8", "@esbuild/linux-loong64": "0.25.8", "@esbuild/linux-mips64el": "0.25.8", "@esbuild/linux-ppc64": "0.25.8", "@esbuild/linux-riscv64": "0.25.8", "@esbuild/linux-s390x": "0.25.8", "@esbuild/linux-x64": "0.25.8", "@esbuild/netbsd-arm64": "0.25.8", "@esbuild/netbsd-x64": "0.25.8", "@esbuild/openbsd-arm64": "0.25.8", "@esbuild/openbsd-x64": "0.25.8", "@esbuild/openharmony-arm64": "0.25.8", "@esbuild/sunos-x64": "0.25.8", "@esbuild/win32-arm64": "0.25.8", "@esbuild/win32-ia32": "0.25.8", "@esbuild/win32-x64": "0.25.8" }, "bin": { "esbuild": "bin/esbuild" } }, "sha512-vVC0USHGtMi8+R4Kz8rt6JhEWLxsv9Rnu/lGYbPR8u47B+DCBksq9JarW0zOO7bs37hyOK1l2/oqtbciutL5+Q=="],

    "external-editor": ["external-editor@3.1.0", "", { "dependencies": { "chardet": "^0.7.0", "iconv-lite": "^0.4.24", "tmp": "^0.0.33" } }, "sha512-hMQ4CX1p1izmuLYyZqLMO/qGNw10wSv9QDCPfzXfyFrOaCSSoRfqE1Kf1s5an66J5JZC62NewG+mK49jOCtQew=="],

    "fast-defer": ["fast-defer@1.1.8", "", {}, "sha512-lEJeOH5VL5R09j6AA0D4Uvq7AgsHw0dAImQQ+F3iSyHZuAxyQfWobsagGpTcOPvJr3urmKRHrs+Gs9hV+/Qm/Q=="],

    "follow-redirects": ["follow-redirects@1.15.9", "", {}, "sha512-gew4GsXizNgdoRyqmyfMHyAmXsZDk6mHkSxZFCzW9gwlbtOW44CDtYavM+y+72qD/Vq2l550kMF52DT8fOLJqQ=="],

    "form-data": ["form-data@4.0.3", "", { "dependencies": { "asynckit": "^0.4.0", "combined-stream": "^1.0.8", "es-set-tostringtag": "^2.1.0", "hasown": "^2.0.2", "mime-types": "^2.1.12" } }, "sha512-qsITQPfmvMOSAdeyZ+12I1c+CKSstAFAwu+97zrnWAbIr5u8wfsExUzCesVLC8NgHuRUqNN4Zy6UPWUTRGslcA=="],

    "function-bind": ["function-bind@1.1.2", "", {}, "sha512-7XHNxH7qX9xG5mIwxkhumTox/MIRNcOgDrxWsMt2pAr23WHp6MrRlN7FBSFpCpr+oVO0F744iUgR82nJMfG2SA=="],

    "fuse.js": ["fuse.js@7.1.0", "", {}, "sha512-trLf4SzuuUxfusZADLINj+dE8clK1frKdmqiJNb1Es75fmI5oY6X2mxLVUciLLjxqw/xr72Dhy+lER6dGd02FQ=="],

    "get-east-asian-width": ["get-east-asian-width@1.3.0", "", {}, "sha512-vpeMIQKxczTD/0s2CdEWHcb0eeJe6TFjxb+J5xgX7hScxqrGuyjmv4c1D4A/gelKfyox0gJJwIHF+fLjeaM8kQ=="],

    "get-intrinsic": ["get-intrinsic@1.3.0", "", { "dependencies": { "call-bind-apply-helpers": "^1.0.2", "es-define-property": "^1.0.1", "es-errors": "^1.3.0", "es-object-atoms": "^1.1.1", "function-bind": "^1.1.2", "get-proto": "^1.0.1", "gopd": "^1.2.0", "has-symbols": "^1.1.0", "hasown": "^2.0.2", "math-intrinsics": "^1.1.0" } }, "sha512-9fSjSaos/fRIVIp+xSJlE6lfwhES7LNtKaCBIamHsjr2na1BiABJPo0mOjjz8GJDURarmCPGqaiVg5mfjb98CQ=="],

    "get-proto": ["get-proto@1.0.1", "", { "dependencies": { "dunder-proto": "^1.0.1", "es-object-atoms": "^1.0.0" } }, "sha512-sTSfBjoXBp89JvIKIefqw7U2CCebsc74kiY6awiGogKtoSGbgjYE/G/+l9sF3MWFPNc9IcoOC4ODfKHfxFmp0g=="],

    "gopd": ["gopd@1.2.0", "", {}, "sha512-ZUKRh6/kUFoAiTAtTYPZJ3hw9wNxx+BIBOijnlG9PnrJsCcSjs1wyyD6vJpaYtgnzDrKYRSqf3OO6Rfa93xsRg=="],

    "has-symbols": ["has-symbols@1.1.0", "", {}, "sha512-1cDNdwJ2Jaohmb3sg4OmKaMBwuC48sYni5HUw2DvsC8LjGTLK9h+eb1X6RyuOHe4hT0ULCW68iomhjUoKUqlPQ=="],

    "has-tostringtag": ["has-tostringtag@1.0.2", "", { "dependencies": { "has-symbols": "^1.0.3" } }, "sha512-NqADB8VjPFLM2V0VvHUewwwsw0ZWBaIdgo+ieHtK3hasLz4qeCRjYcqfB6AQrBggRKppKF8L52/VqdVsO47Dlw=="],

    "hasown": ["hasown@2.0.2", "", { "dependencies": { "function-bind": "^1.1.2" } }, "sha512-0hJU9SCPvmMzIBdZFqNPXWa6dqh7WdH0cII9y+CyS8rG3nL48Bclra9HmKhVVUHyPWNH5Y7xDwAB7bfgSjkUMQ=="],

    "iconv-lite": ["iconv-lite@0.4.24", "", { "dependencies": { "safer-buffer": ">= 2.1.2 < 3" } }, "sha512-v3MXnZAcvnywkTUEZomIActle7RXXeedOR31wwl7VlyoXO4Qi9arvSenNQWne1TcRwhCL1HwLI21bEqdpj8/rA=="],

    "is-fullwidth-code-point": ["is-fullwidth-code-point@3.0.0", "", {}, "sha512-zymm5+u+sCsSWyD9qNaejV3DFvhCKclKdizYaJUuHA83RLjb7nSuGnddCHGv0hk+KY7BMAlsWeK4Ueg6EV6XQg=="],

    "is-interactive": ["is-interactive@2.0.0", "", {}, "sha512-qP1vozQRI+BMOPcjFzrjXuQvdak2pHNUMZoeG2eRbiSqyvbEf/wQtEOTOX1guk6E3t36RkaqiSt8A/6YElNxLQ=="],

    "is-unicode-supported": ["is-unicode-supported@2.1.0", "", {}, "sha512-mE00Gnza5EEB3Ds0HfMyllZzbBrmLOX3vfWoj9A9PEnTfratQ/BcaJOuMhnkhjXvb2+FkY3VuHqtAGpTPmglFQ=="],

    "log-symbols": ["log-symbols@6.0.0", "", { "dependencies": { "chalk": "^5.3.0", "is-unicode-supported": "^1.3.0" } }, "sha512-i24m8rpwhmPIS4zscNzK6MSEhk0DUWa/8iYQWxhffV8jkI4Phvs3F+quL5xvS0gdQR0FyTCMMH33Y78dDTzzIw=="],

    "math-intrinsics": ["math-intrinsics@1.1.0", "", {}, "sha512-/IXtbwEk5HTPyEwyKX6hGkYXxM9nbj64B+ilVJnC/R6B0pH5G4V3b0pVbL7DBj4tkhBAppbQUlf6F6Xl9LHu1g=="],

    "mime-db": ["mime-db@1.52.0", "", {}, "sha512-sPU4uV7dYlvtWJxwwxHD0PuihVNiE7TyAbQ5SWxDCB9mUYvOgroQOwYQQOKPJ8CIbE+1ETVlOoK1UC2nU3gYvg=="],

    "mime-types": ["mime-types@2.1.35", "", { "dependencies": { "mime-db": "1.52.0" } }, "sha512-ZDY+bPm5zTTF+YpCrAU9nK0UgICYPT0QtT1NZWFv4s++TNkcgVaT0g6+4R2uI4MjQjzysHB1zxuWL50hzaeXiw=="],

    "mimic-function": ["mimic-function@5.0.1", "", {}, "sha512-VP79XUPxV2CigYP3jWwAUFSku2aKqBH7uTAapFWCBqutsbmDo96KY5o8uh6U+/YSIn5OxJnXp73beVkpqMIGhA=="],

    "mute-stream": ["mute-stream@2.0.0", "", {}, "sha512-WWdIxpyjEn+FhQJQQv9aQAYlHoNVdzIzUySNV1gHUPDSdZJ3yZn7pAAbQcV7B56Mvu881q9FZV+0Vx2xC44VWA=="],

    "object-code": ["object-code@1.3.3", "", {}, "sha512-/Ds4Xd5xzrtUOJ+xJQ57iAy0BZsZltOHssnDgcZ8DOhgh41q1YJCnTPnWdWSLkNGNnxYzhYChjc5dgC9mEERCA=="],

    "onetime": ["onetime@7.0.0", "", { "dependencies": { "mimic-function": "^5.0.0" } }, "sha512-VXJjc87FScF88uafS3JllDgvAm+c/Slfz06lorj2uAY34rlUu0Nt+v8wreiImcrgAjjIHp1rXpTDlLOGw29WwQ=="],

    "ora": ["ora@8.2.0", "", { "dependencies": { "chalk": "^5.3.0", "cli-cursor": "^5.0.0", "cli-spinners": "^2.9.2", "is-interactive": "^2.0.0", "is-unicode-supported": "^2.0.0", "log-symbols": "^6.0.0", "stdin-discarder": "^0.2.2", "string-width": "^7.2.0", "strip-ansi": "^7.1.0" } }, "sha512-weP+BZ8MVNnlCm8c0Qdc1WSWq4Qn7I+9CJGm7Qali6g44e/PUzbjNqJX5NJ9ljlNMosfJvg1fKEGILklK9cwnw=="],

    "os-tmpdir": ["os-tmpdir@1.0.2", "", {}, "sha512-D2FR03Vir7FIu45XBY20mTb+/ZSWB00sjU9jdQXt83gDrI4Ztz5Fs7/yy74g2N5SVQY4xY1qDr4rNddwYRVX0g=="],

    "pokenode-ts": ["pokenode-ts@1.20.0", "", { "peerDependencies": { "axios": "^1.4.0", "axios-cache-interceptor": "^1.2.0" } }, "sha512-6MekrbiQc9nmaZJ5xpyhRSEMFo4xEsMuB7RR3EqfPvuXo/3StnH1p4brfIiIWDCcZvu7t9a0vjodiR4TnRdLEw=="],

    "proxy-from-env": ["proxy-from-env@1.1.0", "", {}, "sha512-D+zkORCbA9f1tdWRK0RaCR3GPv50cMxcrz4X8k5LTSUD1Dkw47mKJEZQNunItRTkWwgtaUSo1RVFRIG9ZXiFYg=="],

    "react": ["react@19.1.1", "", {}, "sha512-w8nqGImo45dmMIfljjMwOGtbmC/mk4CMYhWIicdSflH91J9TyCyczcPFXJzrZ/ZXcgGRFeP6BU0BEJTw6tZdfQ=="],

    "react-reconciler": ["react-reconciler@github:inbestigator/dressed-rr#1711c49", { "dependencies": { "scheduler": "^0.26.0" }, "peerDependencies": { "react": "^19.1.0" } }, "Inbestigator-dressed-rr-1711c49"],

    "restore-cursor": ["restore-cursor@5.1.0", "", { "dependencies": { "onetime": "^7.0.0", "signal-exit": "^4.1.0" } }, "sha512-oMA2dcrw6u0YfxJQXm342bFKX/E4sG9rbTzO9ptUcR/e8A33cHuvStiYOwH7fszkZlZ1z/ta9AAoPk2F4qIOHA=="],

    "safer-buffer": ["safer-buffer@2.1.2", "", {}, "sha512-YZo3K82SD7Riyi0E1EQPojLz7kpepnSQI9IyPbHHg1XXXevb5dJI7tpyN2ADxGcQbHG7vcyRHk0cbwqcQriUtg=="],

    "scheduler": ["scheduler@0.26.0", "", {}, "sha512-NlHwttCI/l5gCPR3D1nNXtWABUmBwvZpEQiD4IXSbIDq8BzLIK/7Ir5gTFSGZDUu37K5cMNp0hFtzO38sC7gWA=="],

    "signal-exit": ["signal-exit@4.1.0", "", {}, "sha512-bzyZ1e88w9O1iNJbKnOlvYTrWPDl46O1bG0D3XInv+9tkPrxrN8jUUTiFlDkkmKWgn1M6CfIA13SuGqOa9Korw=="],

    "stdin-discarder": ["stdin-discarder@0.2.2", "", {}, "sha512-UhDfHmA92YAlNnCfhmq0VeNL5bDbiZGg7sZ2IvPsXubGkiNa9EC+tUTsjBRsYUAz87btI6/1wf4XoVvQ3uRnmQ=="],

    "string-width": ["string-width@7.2.0", "", { "dependencies": { "emoji-regex": "^10.3.0", "get-east-asian-width": "^1.0.0", "strip-ansi": "^7.1.0" } }, "sha512-tsaTIkKW9b4N+AEj+SVA+WhJzV7/zMhcSu78mLKWSk7cXMOSHsBKFWUs0fWwq8QyK3MgJBQRX6Gbi4kYbdvGkQ=="],

    "strip-ansi": ["strip-ansi@7.1.0", "", { "dependencies": { "ansi-regex": "^6.0.1" } }, "sha512-iq6eVVI64nQQTRYq2KtEg2d2uU7LElhTJwsH4YzIHZshxlgZms/wIc4VoDQTlG/IvVIrBKG06CrZnp0qv7hkcQ=="],

    "tmp": ["tmp@0.0.33", "", { "dependencies": { "os-tmpdir": "~1.0.2" } }, "sha512-jRCJlojKnZ3addtTOjdIqoRuPEKBvNXcGYqzO6zWZX8KfKEpnGY5jfggJQ3EjKuu8D4bJRr0y+cYJFmYbImXGw=="],

    "tweetnacl": ["tweetnacl@1.0.3", "", {}, "sha512-6rt+RN7aOi1nGMyC4Xa5DdYiukl2UWCbcJft7YhxReBGQD7OAM8Pbxw6YMo4r2diNEA8FEmu32YOn9rhaiE5yw=="],

    "type-fest": ["type-fest@0.21.3", "", {}, "sha512-t0rzBq87m3fVcduHDUFhKmyyX+9eo6WQjZvf51Ea/M0Q7+T374Jp1aUiyUl0GKxp8M/OETVHSDvmkyPgvX+X2w=="],

    "typescript": ["typescript@5.8.3", "", { "bin": { "tsc": "bin/tsc", "tsserver": "bin/tsserver" } }, "sha512-p1diW6TqL9L07nNxvRMM7hMMw4c5XOo/1ibL4aAIGmSAt9slTE1Xgw5KWuof2uTOvCg9BY7ZRi+GaF+7sfgPeQ=="],

    "undici-types": ["undici-types@7.8.0", "", {}, "sha512-9UJ2xGDvQ43tYyVMpuHlsgApydB8ZKfVYTsLDhXkFL/6gfkp+U8xTGdh8pMJv1SpZna0zxG1DwsKZsreLbXBxw=="],

    "walk-it": ["walk-it@6.0.1", "", {}, "sha512-SnGNBYJps1vKqSW6bLKSYHD8RoFr89IdZPYi5BHcg9BP0rA29l7/6tzQGkBHmIuC+VXOhw/+O6hL7XK4NR7Cmg=="],

    "wrap-ansi": ["wrap-ansi@6.2.0", "", { "dependencies": { "ansi-styles": "^4.0.0", "string-width": "^4.1.0", "strip-ansi": "^6.0.0" } }, "sha512-r6lPcBGxZXlIcymEu7InxDMhdW0KDxpLgoFLcguasxCaJ/SOIZwINatK9KY/tf+ZrlywOKU0UDj3ATXUBfxJXA=="],

    "yoctocolors-cjs": ["yoctocolors-cjs@2.1.2", "", {}, "sha512-cYVsTjKl8b+FrnidjibDWskAv7UKOfcwaVZdp/it9n1s9fU3IkgDbhdIRKCW4JDsAlECJY0ytoVPT3sK6kideA=="],

    "@dressed/react/discord-api-types": ["discord-api-types@0.38.15", "", {}, "sha512-RX3skyRH7p6BlHOW62ztdnIc87+wv4TEJEURMir5k5BbRJ10wK1MCqFEO6USHTol3gkiHLE6wWoHhNQ2pqB4AA=="],

    "log-symbols/is-unicode-supported": ["is-unicode-supported@1.3.0", "", {}, "sha512-43r2mRvz+8JRIKnWJ+3j8JtjRKZ6GmjzfaE/qiBJnikNnYv/6bagRJ1kUhNk8R5EX/GkobD+r+sfxCPJsiKBLQ=="],

    "wrap-ansi/string-width": ["string-width@4.2.3", "", { "dependencies": { "emoji-regex": "^8.0.0", "is-fullwidth-code-point": "^3.0.0", "strip-ansi": "^6.0.1" } }, "sha512-wKyQRQpjJ0sIp62ErSZdGsjMJWsap5oRNihHhu6G7JVO/9jIB6UyevL+tXuOqrng8j/cxKTWyWUwvSTriiZz/g=="],

    "wrap-ansi/strip-ansi": ["strip-ansi@6.0.1", "", { "dependencies": { "ansi-regex": "^5.0.1" } }, "sha512-Y38VPSHcqkFrCpFnQ9vuSXmquuv5oXOKpGeT6aGrr3o3Gc9AlVa6JBfUSOCnbxGGZF+/0ooI7KrPuUSztUdU5A=="],

    "wrap-ansi/string-width/emoji-regex": ["emoji-regex@8.0.0", "", {}, "sha512-MSjYzcWNOA0ewAHpz0MxpYFvwg6yjy1NG3xteoqz644VCo/RPgnr1/GGt+ic3iJTzQ8Eu3TdM14SawnVUmGE6A=="],

    "wrap-ansi/strip-ansi/ansi-regex": ["ansi-regex@5.0.1", "", {}, "sha512-quJQXlTSUGL2LH9SUXo8VwsY4soanhgo6LNSm84E1LBcE8s3O0wpdiRzyR9z/ZZJMlMWv37qOOb9pdJlMUEKFQ=="],
  }
}
